// !$*UTF8*$!
{
	archiveVersion = 1;
	classes = {
	};
	objectVersion = 50;
	objects = {

/* Begin PBXBuildFile section */
		4C0F9238233A69CF001AE5A1 /* AppDelegate.swift in Sources */ = {isa = PBXBuildFile; fileRef = 4C0F9237233A69CF001AE5A1 /* AppDelegate.swift */; };
		4C0F923A233A69CF001AE5A1 /* ViewController.swift in Sources */ = {isa = PBXBuildFile; fileRef = 4C0F9239233A69CF001AE5A1 /* ViewController.swift */; };
		4C0F923D233A69CF001AE5A1 /* Main.storyboard in Resources */ = {isa = PBXBuildFile; fileRef = 4C0F923B233A69CF001AE5A1 /* Main.storyboard */; };
		4C0F923F233A69CF001AE5A1 /* Assets.xcassets in Resources */ = {isa = PBXBuildFile; fileRef = 4C0F923E233A69CF001AE5A1 /* Assets.xcassets */; };
		4C0F9242233A69CF001AE5A1 /* LaunchScreen.storyboard in Resources */ = {isa = PBXBuildFile; fileRef = 4C0F9240233A69CF001AE5A1 /* LaunchScreen.storyboard */; };
		4C0F924D233A69CF001AE5A1 /* projectFenixTests.swift in Sources */ = {isa = PBXBuildFile; fileRef = 4C0F924C233A69CF001AE5A1 /* projectFenixTests.swift */; };
		4C4A89CB233CCC8F00EAE84A /* HomeViewController.swift in Sources */ = {isa = PBXBuildFile; fileRef = 4C4A89CA233CCC8F00EAE84A /* HomeViewController.swift */; };
		CAEC50112343889E003578E5 /* VoiceSynthesizer.swift in Sources */ = {isa = PBXBuildFile; fileRef = CAEC50102343889E003578E5 /* VoiceSynthesizer.swift */; };
		CAEC5013234389BD003578E5 /* DifficultyOfLessonOneViewController.swift in Sources */ = {isa = PBXBuildFile; fileRef = CAEC5012234389BD003578E5 /* DifficultyOfLessonOneViewController.swift */; };
		CAF7F7B02344904C00A724AA /* LessonsViewController.swift in Sources */ = {isa = PBXBuildFile; fileRef = CAF7F7AF2344904C00A724AA /* LessonsViewController.swift */; };
		CAF7F7B22344914000A724AA /* Lesson.swift in Sources */ = {isa = PBXBuildFile; fileRef = CAF7F7B12344914000A724AA /* Lesson.swift */; };
		CAF7F7B42344959300A724AA /* HomeScreenViewController.swift in Sources */ = {isa = PBXBuildFile; fileRef = CAF7F7B32344959300A724AA /* HomeScreenViewController.swift */; };
		CAF7F7B6234495DC00A724AA /* ContentLessonOneViewController.swift in Sources */ = {isa = PBXBuildFile; fileRef = CAF7F7B5234495DC00A724AA /* ContentLessonOneViewController.swift */; };
		CAF7F7B82344962C00A724AA /* QuizzViewController.swift in Sources */ = {isa = PBXBuildFile; fileRef = CAF7F7B72344962C00A724AA /* QuizzViewController.swift */; };
		CAF7F7BA2344965E00A724AA /* QuizzLessonOneViewController.swift in Sources */ = {isa = PBXBuildFile; fileRef = CAF7F7B92344965E00A724AA /* QuizzLessonOneViewController.swift */; };
		CAF7F7BC2344969000A724AA /* ResultQuizzViewController.swift in Sources */ = {isa = PBXBuildFile; fileRef = CAF7F7BB2344969000A724AA /* ResultQuizzViewController.swift */; };
/* End PBXBuildFile section */

/* Begin PBXContainerItemProxy section */
		4C0F9249233A69CF001AE5A1 /* PBXContainerItemProxy */ = {
			isa = PBXContainerItemProxy;
			containerPortal = 4C0F922C233A69CE001AE5A1 /* Project object */;
			proxyType = 1;
			remoteGlobalIDString = 4C0F9233233A69CF001AE5A1;
			remoteInfo = projectFenix;
		};
/* End PBXContainerItemProxy section */

/* Begin PBXFileReference section */
		4C0F9234233A69CF001AE5A1 /* projectFenix.app */ = {isa = PBXFileReference; explicitFileType = wrapper.application; includeInIndex = 0; path = projectFenix.app; sourceTree = BUILT_PRODUCTS_DIR; };
		4C0F9237233A69CF001AE5A1 /* AppDelegate.swift */ = {isa = PBXFileReference; lastKnownFileType = sourcecode.swift; path = AppDelegate.swift; sourceTree = "<group>"; };
		4C0F9239233A69CF001AE5A1 /* ViewController.swift */ = {isa = PBXFileReference; lastKnownFileType = sourcecode.swift; path = ViewController.swift; sourceTree = "<group>"; };
		4C0F923C233A69CF001AE5A1 /* Base */ = {isa = PBXFileReference; lastKnownFileType = file.storyboard; name = Base; path = Base.lproj/Main.storyboard; sourceTree = "<group>"; };
		4C0F923E233A69CF001AE5A1 /* Assets.xcassets */ = {isa = PBXFileReference; lastKnownFileType = folder.assetcatalog; path = Assets.xcassets; sourceTree = "<group>"; };
		4C0F9241233A69CF001AE5A1 /* Base */ = {isa = PBXFileReference; lastKnownFileType = file.storyboard; name = Base; path = Base.lproj/LaunchScreen.storyboard; sourceTree = "<group>"; };
		4C0F9243233A69CF001AE5A1 /* Info.plist */ = {isa = PBXFileReference; lastKnownFileType = text.plist.xml; path = Info.plist; sourceTree = "<group>"; };
		4C0F9248233A69CF001AE5A1 /* projectFenixTests.xctest */ = {isa = PBXFileReference; explicitFileType = wrapper.cfbundle; includeInIndex = 0; path = projectFenixTests.xctest; sourceTree = BUILT_PRODUCTS_DIR; };
		4C0F924C233A69CF001AE5A1 /* projectFenixTests.swift */ = {isa = PBXFileReference; lastKnownFileType = sourcecode.swift; path = projectFenixTests.swift; sourceTree = "<group>"; };
		4C0F924E233A69CF001AE5A1 /* Info.plist */ = {isa = PBXFileReference; lastKnownFileType = text.plist.xml; path = Info.plist; sourceTree = "<group>"; };
		4C4A89CA233CCC8F00EAE84A /* HomeViewController.swift */ = {isa = PBXFileReference; lastKnownFileType = sourcecode.swift; path = HomeViewController.swift; sourceTree = "<group>"; };
		CAEC50102343889E003578E5 /* VoiceSynthesizer.swift */ = {isa = PBXFileReference; lastKnownFileType = sourcecode.swift; path = VoiceSynthesizer.swift; sourceTree = "<group>"; };
		CAEC5012234389BD003578E5 /* DifficultyOfLessonOneViewController.swift */ = {isa = PBXFileReference; lastKnownFileType = sourcecode.swift; path = DifficultyOfLessonOneViewController.swift; sourceTree = "<group>"; };
		CAF7F7AF2344904C00A724AA /* LessonsViewController.swift */ = {isa = PBXFileReference; lastKnownFileType = sourcecode.swift; name = LessonsViewController.swift; path = projectFenix/Controller/LessonsViewController.swift; sourceTree = SOURCE_ROOT; };
		CAF7F7B12344914000A724AA /* Lesson.swift */ = {isa = PBXFileReference; lastKnownFileType = sourcecode.swift; path = Lesson.swift; sourceTree = "<group>"; };
		CAF7F7B32344959300A724AA /* HomeScreenViewController.swift */ = {isa = PBXFileReference; lastKnownFileType = sourcecode.swift; name = HomeScreenViewController.swift; path = projectFenix/Controller/HomeScreenViewController.swift; sourceTree = SOURCE_ROOT; };
		CAF7F7B5234495DC00A724AA /* ContentLessonOneViewController.swift */ = {isa = PBXFileReference; lastKnownFileType = sourcecode.swift; name = ContentLessonOneViewController.swift; path = projectFenix/Controller/ContentLessonOneViewController.swift; sourceTree = SOURCE_ROOT; };
		CAF7F7B72344962C00A724AA /* QuizzViewController.swift */ = {isa = PBXFileReference; lastKnownFileType = sourcecode.swift; name = QuizzViewController.swift; path = projectFenix/Controller/QuizzViewController.swift; sourceTree = SOURCE_ROOT; };
		CAF7F7B92344965E00A724AA /* QuizzLessonOneViewController.swift */ = {isa = PBXFileReference; lastKnownFileType = sourcecode.swift; name = QuizzLessonOneViewController.swift; path = projectFenix/Controller/QuizzLessonOneViewController.swift; sourceTree = SOURCE_ROOT; };
		CAF7F7BB2344969000A724AA /* ResultQuizzViewController.swift */ = {isa = PBXFileReference; lastKnownFileType = sourcecode.swift; path = ResultQuizzViewController.swift; sourceTree = "<group>"; };
/* End PBXFileReference section */

/* Begin PBXFrameworksBuildPhase section */
		4C0F9231233A69CF001AE5A1 /* Frameworks */ = {
			isa = PBXFrameworksBuildPhase;
			buildActionMask = 2147483647;
			files = (
			);
			runOnlyForDeploymentPostprocessing = 0;
		};
		4C0F9245233A69CF001AE5A1 /* Frameworks */ = {
			isa = PBXFrameworksBuildPhase;
			buildActionMask = 2147483647;
			files = (
			);
			runOnlyForDeploymentPostprocessing = 0;
		};
/* End PBXFrameworksBuildPhase section */

/* Begin PBXGroup section */
		4C0F922B233A69CE001AE5A1 = {
			isa = PBXGroup;
			children = (
				4C0F9236233A69CF001AE5A1 /* projectFenix */,
				4C0F924B233A69CF001AE5A1 /* projectFenixTests */,
				4C0F9235233A69CF001AE5A1 /* Products */,
			);
			sourceTree = "<group>";
		};
		4C0F9235233A69CF001AE5A1 /* Products */ = {
			isa = PBXGroup;
			children = (
				4C0F9234233A69CF001AE5A1 /* projectFenix.app */,
				4C0F9248233A69CF001AE5A1 /* projectFenixTests.xctest */,
			);
			name = Products;
			sourceTree = "<group>";
		};
		4C0F9236233A69CF001AE5A1 /* projectFenix */ = {
			isa = PBXGroup;
			children = (
				CAF7F7AE23448FEE00A724AA /* Controller */,
				CAF7F7AD23448FE500A724AA /* VIews */,
				CAF7F7AC23448FDC00A724AA /* Models */,
				4C0F9237233A69CF001AE5A1 /* AppDelegate.swift */,
				4C0F923E233A69CF001AE5A1 /* Assets.xcassets */,
				4C0F9240233A69CF001AE5A1 /* LaunchScreen.storyboard */,
				4C0F9243233A69CF001AE5A1 /* Info.plist */,
			);
			path = projectFenix;
			sourceTree = "<group>";
		};
		4C0F924B233A69CF001AE5A1 /* projectFenixTests */ = {
			isa = PBXGroup;
			children = (
				4C0F924C233A69CF001AE5A1 /* projectFenixTests.swift */,
				4C0F924E233A69CF001AE5A1 /* Info.plist */,
			);
			path = projectFenixTests;
			sourceTree = "<group>";
		};
		CAF7F7AC23448FDC00A724AA /* Models */ = {
			isa = PBXGroup;
			children = (
				CAEC50102343889E003578E5 /* VoiceSynthesizer.swift */,
				CAF7F7B12344914000A724AA /* Lesson.swift */,
			);
			path = Models;
			sourceTree = "<group>";
		};
		CAF7F7AD23448FE500A724AA /* VIews */ = {
			isa = PBXGroup;
			children = (
				4C0F923B233A69CF001AE5A1 /* Main.storyboard */,
			);
			path = VIews;
			sourceTree = "<group>";
		};
		CAF7F7AE23448FEE00A724AA /* Controller */ = {
			isa = PBXGroup;
			children = (
				CAF7F7B32344959300A724AA /* HomeScreenViewController.swift */,
				CAF7F7AF2344904C00A724AA /* LessonsViewController.swift */,
				CAEC5012234389BD003578E5 /* DifficultyOfLessonOneViewController.swift */,
				CAF7F7B5234495DC00A724AA /* ContentLessonOneViewController.swift */,
				4C4A89CA233CCC8F00EAE84A /* HomeViewController.swift */,
				4C0F9239233A69CF001AE5A1 /* ViewController.swift */,
				CAF7F7B72344962C00A724AA /* QuizzViewController.swift */,
				CAF7F7B92344965E00A724AA /* QuizzLessonOneViewController.swift */,
				CAF7F7BB2344969000A724AA /* ResultQuizzViewController.swift */,
			);
			path = Controller;
			sourceTree = "<group>";
		};
/* End PBXGroup section */

/* Begin PBXNativeTarget section */
		4C0F9233233A69CF001AE5A1 /* projectFenix */ = {
			isa = PBXNativeTarget;
			buildConfigurationList = 4C0F9251233A69CF001AE5A1 /* Build configuration list for PBXNativeTarget "projectFenix" */;
			buildPhases = (
				4C0F9230233A69CF001AE5A1 /* Sources */,
				4C0F9231233A69CF001AE5A1 /* Frameworks */,
				4C0F9232233A69CF001AE5A1 /* Resources */,
			);
			buildRules = (
			);
			dependencies = (
			);
			name = projectFenix;
			productName = projectFenix;
			productReference = 4C0F9234233A69CF001AE5A1 /* projectFenix.app */;
			productType = "com.apple.product-type.application";
		};
		4C0F9247233A69CF001AE5A1 /* projectFenixTests */ = {
			isa = PBXNativeTarget;
			buildConfigurationList = 4C0F9254233A69CF001AE5A1 /* Build configuration list for PBXNativeTarget "projectFenixTests" */;
			buildPhases = (
				4C0F9244233A69CF001AE5A1 /* Sources */,
				4C0F9245233A69CF001AE5A1 /* Frameworks */,
				4C0F9246233A69CF001AE5A1 /* Resources */,
			);
			buildRules = (
			);
			dependencies = (
				4C0F924A233A69CF001AE5A1 /* PBXTargetDependency */,
			);
			name = projectFenixTests;
			productName = projectFenixTests;
			productReference = 4C0F9248233A69CF001AE5A1 /* projectFenixTests.xctest */;
			productType = "com.apple.product-type.bundle.unit-test";
		};
/* End PBXNativeTarget section */

/* Begin PBXProject section */
		4C0F922C233A69CE001AE5A1 /* Project object */ = {
			isa = PBXProject;
			attributes = {
				LastSwiftUpdateCheck = 1030;
				LastUpgradeCheck = 1030;
				ORGANIZATIONNAME = Apprendre;
				TargetAttributes = {
					4C0F9233233A69CF001AE5A1 = {
						CreatedOnToolsVersion = 10.3;
					};
					4C0F9247233A69CF001AE5A1 = {
						CreatedOnToolsVersion = 10.3;
						TestTargetID = 4C0F9233233A69CF001AE5A1;
					};
				};
			};
			buildConfigurationList = 4C0F922F233A69CE001AE5A1 /* Build configuration list for PBXProject "projectFenix" */;
			compatibilityVersion = "Xcode 9.3";
			developmentRegion = en;
			hasScannedForEncodings = 0;
			knownRegions = (
				en,
				Base,
			);
			mainGroup = 4C0F922B233A69CE001AE5A1;
			productRefGroup = 4C0F9235233A69CF001AE5A1 /* Products */;
			projectDirPath = "";
			projectRoot = "";
			targets = (
				4C0F9233233A69CF001AE5A1 /* projectFenix */,
				4C0F9247233A69CF001AE5A1 /* projectFenixTests */,
			);
		};
/* End PBXProject section */

/* Begin PBXResourcesBuildPhase section */
		4C0F9232233A69CF001AE5A1 /* Resources */ = {
			isa = PBXResourcesBuildPhase;
			buildActionMask = 2147483647;
			files = (
				4C0F9242233A69CF001AE5A1 /* LaunchScreen.storyboard in Resources */,
				4C0F923F233A69CF001AE5A1 /* Assets.xcassets in Resources */,
				4C0F923D233A69CF001AE5A1 /* Main.storyboard in Resources */,
			);
			runOnlyForDeploymentPostprocessing = 0;
		};
		4C0F9246233A69CF001AE5A1 /* Resources */ = {
			isa = PBXResourcesBuildPhase;
			buildActionMask = 2147483647;
			files = (
			);
			runOnlyForDeploymentPostprocessing = 0;
		};
/* End PBXResourcesBuildPhase section */

/* Begin PBXSourcesBuildPhase section */
		4C0F9230233A69CF001AE5A1 /* Sources */ = {
			isa = PBXSourcesBuildPhase;
			buildActionMask = 2147483647;
			files = (
				CAF7F7B02344904C00A724AA /* LessonsViewController.swift in Sources */,
				CAF7F7BA2344965E00A724AA /* QuizzLessonOneViewController.swift in Sources */,
				CAF7F7B42344959300A724AA /* HomeScreenViewController.swift in Sources */,
				CAEC50112343889E003578E5 /* VoiceSynthesizer.swift in Sources */,
				CAEC5013234389BD003578E5 /* DifficultyOfLessonOneViewController.swift in Sources */,
				CAF7F7B82344962C00A724AA /* QuizzViewController.swift in Sources */,
				4C0F923A233A69CF001AE5A1 /* ViewController.swift in Sources */,
				CAF7F7BC2344969000A724AA /* ResultQuizzViewController.swift in Sources */,
				CAF7F7B6234495DC00A724AA /* ContentLessonOneViewController.swift in Sources */,
				4C0F9238233A69CF001AE5A1 /* AppDelegate.swift in Sources */,
				CAF7F7B22344914000A724AA /* Lesson.swift in Sources */,
				4C4A89CB233CCC8F00EAE84A /* HomeViewController.swift in Sources */,
			);
			runOnlyForDeploymentPostprocessing = 0;
		};
		4C0F9244233A69CF001AE5A1 /* Sources */ = {
			isa = PBXSourcesBuildPhase;
			buildActionMask = 2147483647;
			files = (
				4C0F924D233A69CF001AE5A1 /* projectFenixTests.swift in Sources */,
			);
			runOnlyForDeploymentPostprocessing = 0;
		};
/* End PBXSourcesBuildPhase section */

/* Begin PBXTargetDependency section */
		4C0F924A233A69CF001AE5A1 /* PBXTargetDependency */ = {
			isa = PBXTargetDependency;
			target = 4C0F9233233A69CF001AE5A1 /* projectFenix */;
			targetProxy = 4C0F9249233A69CF001AE5A1 /* PBXContainerItemProxy */;
		};
/* End PBXTargetDependency section */

/* Begin PBXVariantGroup section */
		4C0F923B233A69CF001AE5A1 /* Main.storyboard */ = {
			isa = PBXVariantGroup;
			children = (
				4C0F923C233A69CF001AE5A1 /* Base */,
			);
			name = Main.storyboard;
			sourceTree = "<group>";
		};
		4C0F9240233A69CF001AE5A1 /* LaunchScreen.storyboard */ = {
			isa = PBXVariantGroup;
			children = (
				4C0F9241233A69CF001AE5A1 /* Base */,
			);
			name = LaunchScreen.storyboard;
			sourceTree = "<group>";
		};
/* End PBXVariantGroup section */

/* Begin XCBuildConfiguration section */
		4C0F924F233A69CF001AE5A1 /* Debug */ = {
			isa = XCBuildConfiguration;
			buildSettings = {
				ALWAYS_SEARCH_USER_PATHS = NO;
				CLANG_ANALYZER_NONNULL = YES;
				CLANG_ANALYZER_NUMBER_OBJECT_CONVERSION = YES_AGGRESSIVE;
				CLANG_CXX_LANGUAGE_STANDARD = "gnu++14";
				CLANG_CXX_LIBRARY = "libc++";
				CLANG_ENABLE_MODULES = YES;
				CLANG_ENABLE_OBJC_ARC = YES;
				CLANG_ENABLE_OBJC_WEAK = YES;
				CLANG_WARN_BLOCK_CAPTURE_AUTORELEASING = YES;
				CLANG_WARN_BOOL_CONVERSION = YES;
				CLANG_WARN_COMMA = YES;
				CLANG_WARN_CONSTANT_CONVERSION = YES;
				CLANG_WARN_DEPRECATED_OBJC_IMPLEMENTATIONS = YES;
				CLANG_WARN_DIRECT_OBJC_ISA_USAGE = YES_ERROR;
				CLANG_WARN_DOCUMENTATION_COMMENTS = YES;
				CLANG_WARN_EMPTY_BODY = YES;
				CLANG_WARN_ENUM_CONVERSION = YES;
				CLANG_WARN_INFINITE_RECURSION = YES;
				CLANG_WARN_INT_CONVERSION = YES;
				CLANG_WARN_NON_LITERAL_NULL_CONVERSION = YES;
				CLANG_WARN_OBJC_IMPLICIT_RETAIN_SELF = YES;
				CLANG_WARN_OBJC_LITERAL_CONVERSION = YES;
				CLANG_WARN_OBJC_ROOT_CLASS = YES_ERROR;
				CLANG_WARN_RANGE_LOOP_ANALYSIS = YES;
				CLANG_WARN_STRICT_PROTOTYPES = YES;
				CLANG_WARN_SUSPICIOUS_MOVE = YES;
				CLANG_WARN_UNGUARDED_AVAILABILITY = YES_AGGRESSIVE;
				CLANG_WARN_UNREACHABLE_CODE = YES;
				CLANG_WARN__DUPLICATE_METHOD_MATCH = YES;
				CODE_SIGN_IDENTITY = "iPhone Developer";
				COPY_PHASE_STRIP = NO;
				DEBUG_INFORMATION_FORMAT = dwarf;
				ENABLE_STRICT_OBJC_MSGSEND = YES;
				ENABLE_TESTABILITY = YES;
				GCC_C_LANGUAGE_STANDARD = gnu11;
				GCC_DYNAMIC_NO_PIC = NO;
				GCC_NO_COMMON_BLOCKS = YES;
				GCC_OPTIMIZATION_LEVEL = 0;
				GCC_PREPROCESSOR_DEFINITIONS = (
					"DEBUG=1",
					"$(inherited)",
				);
				GCC_WARN_64_TO_32_BIT_CONVERSION = YES;
				GCC_WARN_ABOUT_RETURN_TYPE = YES_ERROR;
				GCC_WARN_UNDECLARED_SELECTOR = YES;
				GCC_WARN_UNINITIALIZED_AUTOS = YES_AGGRESSIVE;
				GCC_WARN_UNUSED_FUNCTION = YES;
				GCC_WARN_UNUSED_VARIABLE = YES;
				IPHONEOS_DEPLOYMENT_TARGET = 12.4;
				MTL_ENABLE_DEBUG_INFO = INCLUDE_SOURCE;
				MTL_FAST_MATH = YES;
				ONLY_ACTIVE_ARCH = YES;
				SDKROOT = iphoneos;
				SWIFT_ACTIVE_COMPILATION_CONDITIONS = DEBUG;
				SWIFT_OPTIMIZATION_LEVEL = "-Onone";
			};
			name = Debug;
		};
		4C0F9250233A69CF001AE5A1 /* Release */ = {
			isa = XCBuildConfiguration;
			buildSettings = {
				ALWAYS_SEARCH_USER_PATHS = NO;
				CLANG_ANALYZER_NONNULL = YES;
				CLANG_ANALYZER_NUMBER_OBJECT_CONVERSION = YES_AGGRESSIVE;
				CLANG_CXX_LANGUAGE_STANDARD = "gnu++14";
				CLANG_CXX_LIBRARY = "libc++";
				CLANG_ENABLE_MODULES = YES;
				CLANG_ENABLE_OBJC_ARC = YES;
				CLANG_ENABLE_OBJC_WEAK = YES;
				CLANG_WARN_BLOCK_CAPTURE_AUTORELEASING = YES;
				CLANG_WARN_BOOL_CONVERSION = YES;
				CLANG_WARN_COMMA = YES;
				CLANG_WARN_CONSTANT_CONVERSION = YES;
				CLANG_WARN_DEPRECATED_OBJC_IMPLEMENTATIONS = YES;
				CLANG_WARN_DIRECT_OBJC_ISA_USAGE = YES_ERROR;
				CLANG_WARN_DOCUMENTATION_COMMENTS = YES;
				CLANG_WARN_EMPTY_BODY = YES;
				CLANG_WARN_ENUM_CONVERSION = YES;
				CLANG_WARN_INFINITE_RECURSION = YES;
				CLANG_WARN_INT_CONVERSION = YES;
				CLANG_WARN_NON_LITERAL_NULL_CONVERSION = YES;
				CLANG_WARN_OBJC_IMPLICIT_RETAIN_SELF = YES;
				CLANG_WARN_OBJC_LITERAL_CONVERSION = YES;
				CLANG_WARN_OBJC_ROOT_CLASS = YES_ERROR;
				CLANG_WARN_RANGE_LOOP_ANALYSIS = YES;
				CLANG_WARN_STRICT_PROTOTYPES = YES;
				CLANG_WARN_SUSPICIOUS_MOVE = YES;
				CLANG_WARN_UNGUARDED_AVAILABILITY = YES_AGGRESSIVE;
				CLANG_WARN_UNREACHABLE_CODE = YES;
				CLANG_WARN__DUPLICATE_METHOD_MATCH = YES;
				CODE_SIGN_IDENTITY = "iPhone Developer";
				COPY_PHASE_STRIP = NO;
				DEBUG_INFORMATION_FORMAT = "dwarf-with-dsym";
				ENABLE_NS_ASSERTIONS = NO;
				ENABLE_STRICT_OBJC_MSGSEND = YES;
				GCC_C_LANGUAGE_STANDARD = gnu11;
				GCC_NO_COMMON_BLOCKS = YES;
				GCC_WARN_64_TO_32_BIT_CONVERSION = YES;
				GCC_WARN_ABOUT_RETURN_TYPE = YES_ERROR;
				GCC_WARN_UNDECLARED_SELECTOR = YES;
				GCC_WARN_UNINITIALIZED_AUTOS = YES_AGGRESSIVE;
				GCC_WARN_UNUSED_FUNCTION = YES;
				GCC_WARN_UNUSED_VARIABLE = YES;
				IPHONEOS_DEPLOYMENT_TARGET = 12.4;
				MTL_ENABLE_DEBUG_INFO = NO;
				MTL_FAST_MATH = YES;
				SDKROOT = iphoneos;
				SWIFT_COMPILATION_MODE = wholemodule;
				SWIFT_OPTIMIZATION_LEVEL = "-O";
				VALIDATE_PRODUCT = YES;
			};
			name = Release;
		};
		4C0F9252233A69CF001AE5A1 /* Debug */ = {
			isa = XCBuildConfiguration;
			buildSettings = {
				ASSETCATALOG_COMPILER_APPICON_NAME = AppIcon;
				CODE_SIGN_STYLE = Automatic;
				INFOPLIST_FILE = projectFenix/Info.plist;
				LD_RUNPATH_SEARCH_PATHS = (
					"$(inherited)",
					"@executable_path/Frameworks",
				);
				PRODUCT_BUNDLE_IDENTIFIER = Simplon.projectFenix;
				PRODUCT_NAME = "$(TARGET_NAME)";
				SWIFT_VERSION = 5.0;
				TARGETED_DEVICE_FAMILY = "1,2";
			};
			name = Debug;
		};
		4C0F9253233A69CF001AE5A1 /* Release */ = {
			isa = XCBuildConfiguration;
			buildSettings = {
				ASSETCATALOG_COMPILER_APPICON_NAME = AppIcon;
				CODE_SIGN_STYLE = Automatic;
				INFOPLIST_FILE = projectFenix/Info.plist;
				LD_RUNPATH_SEARCH_PATHS = (
					"$(inherited)",
					"@executable_path/Frameworks",
				);
				PRODUCT_BUNDLE_IDENTIFIER = Simplon.projectFenix;
				PRODUCT_NAME = "$(TARGET_NAME)";
				SWIFT_VERSION = 5.0;
				TARGETED_DEVICE_FAMILY = "1,2";
			};
			name = Release;
		};
		4C0F9255233A69CF001AE5A1 /* Debug */ = {
			isa = XCBuildConfiguration;
			buildSettings = {
				ALWAYS_EMBED_SWIFT_STANDARD_LIBRARIES = YES;
				BUNDLE_LOADER = "$(TEST_HOST)";
				CODE_SIGN_STYLE = Automatic;
				INFOPLIST_FILE = projectFenixTests/Info.plist;
				LD_RUNPATH_SEARCH_PATHS = (
					"$(inherited)",
					"@executable_path/Frameworks",
					"@loader_path/Frameworks",
				);
				PRODUCT_BUNDLE_IDENTIFIER = Simplon.projectFenixTests;
				PRODUCT_NAME = "$(TARGET_NAME)";
				SWIFT_VERSION = 5.0;
				TARGETED_DEVICE_FAMILY = "1,2";
				TEST_HOST = "$(BUILT_PRODUCTS_DIR)/projectFenix.app/projectFenix";
			};
			name = Debug;
		};
		4C0F9256233A69CF001AE5A1 /* Release */ = {
			isa = XCBuildConfiguration;
			buildSettings = {
				ALWAYS_EMBED_SWIFT_STANDARD_LIBRARIES = YES;
				BUNDLE_LOADER = "$(TEST_HOST)";
				CODE_SIGN_STYLE = Automatic;
				INFOPLIST_FILE = projectFenixTests/Info.plist;
				LD_RUNPATH_SEARCH_PATHS = (
					"$(inherited)",
					"@executable_path/Frameworks",
					"@loader_path/Frameworks",
				);
				PRODUCT_BUNDLE_IDENTIFIER = Simplon.projectFenixTests;
				PRODUCT_NAME = "$(TARGET_NAME)";
				SWIFT_VERSION = 5.0;
				TARGETED_DEVICE_FAMILY = "1,2";
				TEST_HOST = "$(BUILT_PRODUCTS_DIR)/projectFenix.app/projectFenix";
			};
			name = Release;
		};
/* End XCBuildConfiguration section */

/* Begin XCConfigurationList section */
		4C0F922F233A69CE001AE5A1 /* Build configuration list for PBXProject "projectFenix" */ = {
			isa = XCConfigurationList;
			buildConfigurations = (
				4C0F924F233A69CF001AE5A1 /* Debug */,
				4C0F9250233A69CF001AE5A1 /* Release */,
			);
			defaultConfigurationIsVisible = 0;
			defaultConfigurationName = Release;
		};
		4C0F9251233A69CF001AE5A1 /* Build configuration list for PBXNativeTarget "projectFenix" */ = {
			isa = XCConfigurationList;
			buildConfigurations = (
				4C0F9252233A69CF001AE5A1 /* Debug */,
				4C0F9253233A69CF001AE5A1 /* Release */,
			);
			defaultConfigurationIsVisible = 0;
			defaultConfigurationName = Release;
		};
		4C0F9254233A69CF001AE5A1 /* Build configuration list for PBXNativeTarget "projectFenixTests" */ = {
			isa = XCConfigurationList;
			buildConfigurations = (
				4C0F9255233A69CF001AE5A1 /* Debug */,
				4C0F9256233A69CF001AE5A1 /* Release */,
			);
			defaultConfigurationIsVisible = 0;
			defaultConfigurationName = Release;
		};
/* End XCConfigurationList section */
	};
	rootObject = 4C0F922C233A69CE001AE5A1 /* Project object */;
}
